
Microsoft Visual Studio Solution File, Format Version 12.00
# Visual Studio Version 17
VisualStudioVersion = 17.5.33627.172
MinimumVisualStudioVersion = 10.0.40219.1
Project("{FAE04EC0-301F-11D3-BF4B-00C04F79EFBC}") = "WinFormsApp2", "WinFormsApp2\WinFormsApp2.csproj", "{63266705-9C19-482E-AFFF-5AB0C7B59790}"
EndProject
Global
	GlobalSection(SolutionConfigurationPlatforms) = preSolution
		Debug|Any CPU = Debug|Any CPU
		Release|Any CPU = Release|Any CPU
	EndGlobalSection
	GlobalSection(ProjectConfigurationPlatforms) = postSolution
		{63266705-9C19-482E-AFFF-5AB0C7B59790}.Debug|Any CPU.ActiveCfg = Debug|Any CPU
		{63266705-9C19-482E-AFFF-5AB0C7B59790}.Debug|Any CPU.Build.0 = Debug|Any CPU
		{63266705-9C19-482E-AFFF-5AB0C7B59790}.Release|Any CPU.ActiveCfg = Release|Any CPU
		{63266705-9C19-482E-AFFF-5AB0C7B59790}.Release|Any CPU.Build.0 = Release|Any CPU
	EndGlobalSection
	GlobalSection(SolutionProperties) = preSolution
		HideSolutionNode = FALSE
	EndGlobalSection
	GlobalSection(ExtensibilityGlobals) = postSolution
		SolutionGuid = {3840828D-F694-40BE-8B34-3A2A1BD273CA}
	EndGlobalSection
EndGlobal
